
Microsoft Visual Studio Solution File, Format Version 12.00
# Visual Studio Version 17
VisualStudioVersion = 17.9.34723.18
MinimumVisualStudioVersion = 10.0.40219.1
Project("{9A19103F-16F7-4668-BE54-9A1E7A4F7556}") = "Domain", "Domain\Domain.csproj", "{BD088781-AA2E-4AE5-A33A-501FEC10AF80}"
EndProject
Project("{9A19103F-16F7-4668-BE54-9A1E7A4F7556}") = "Presentation", "Presentation.GraphQL\Presentation.csproj", "{E2972545-6F3A-4D8A-B374-5D387A8573DC}"
EndProject
Project("{9A19103F-16F7-4668-BE54-9A1E7A4F7556}") = "Persistence", "Persistence\Persistence.csproj", "{9FBAC9B0-6B2A-44D7-A8D5-8381550D6225}"
EndProject
Project("{9A19103F-16F7-4668-BE54-9A1E7A4F7556}") = "Application", "Application\Application.csproj", "{4A32D42B-E915-4CBC-B6E9-ACCC07D01A8B}"
EndProject
Project("{FAE04EC0-301F-11D3-BF4B-00C04F79EFBC}") = "Infrastructure", "Infrastructure\Infrastructure.csproj", "{116E7404-EC44-46C7-8BD5-5600AD4336F8}"
EndProject
Global
	GlobalSection(SolutionConfigurationPlatforms) = preSolution
		Debug|Any CPU = Debug|Any CPU
		Release|Any CPU = Release|Any CPU
	EndGlobalSection
	GlobalSection(ProjectConfigurationPlatforms) = postSolution
		{BD088781-AA2E-4AE5-A33A-501FEC10AF80}.Debug|Any CPU.ActiveCfg = Debug|Any CPU
		{BD088781-AA2E-4AE5-A33A-501FEC10AF80}.Debug|Any CPU.Build.0 = Debug|Any CPU
		{BD088781-AA2E-4AE5-A33A-501FEC10AF80}.Release|Any CPU.ActiveCfg = Release|Any CPU
		{BD088781-AA2E-4AE5-A33A-501FEC10AF80}.Release|Any CPU.Build.0 = Release|Any CPU
		{E2972545-6F3A-4D8A-B374-5D387A8573DC}.Debug|Any CPU.ActiveCfg = Debug|Any CPU
		{E2972545-6F3A-4D8A-B374-5D387A8573DC}.Debug|Any CPU.Build.0 = Debug|Any CPU
		{E2972545-6F3A-4D8A-B374-5D387A8573DC}.Release|Any CPU.ActiveCfg = Release|Any CPU
		{E2972545-6F3A-4D8A-B374-5D387A8573DC}.Release|Any CPU.Build.0 = Release|Any CPU
		{9FBAC9B0-6B2A-44D7-A8D5-8381550D6225}.Debug|Any CPU.ActiveCfg = Debug|Any CPU
		{9FBAC9B0-6B2A-44D7-A8D5-8381550D6225}.Debug|Any CPU.Build.0 = Debug|Any CPU
		{9FBAC9B0-6B2A-44D7-A8D5-8381550D6225}.Release|Any CPU.ActiveCfg = Release|Any CPU
		{9FBAC9B0-6B2A-44D7-A8D5-8381550D6225}.Release|Any CPU.Build.0 = Release|Any CPU
		{4A32D42B-E915-4CBC-B6E9-ACCC07D01A8B}.Debug|Any CPU.ActiveCfg = Debug|Any CPU
		{4A32D42B-E915-4CBC-B6E9-ACCC07D01A8B}.Debug|Any CPU.Build.0 = Debug|Any CPU
		{4A32D42B-E915-4CBC-B6E9-ACCC07D01A8B}.Release|Any CPU.ActiveCfg = Release|Any CPU
		{4A32D42B-E915-4CBC-B6E9-ACCC07D01A8B}.Release|Any CPU.Build.0 = Release|Any CPU
		{116E7404-EC44-46C7-8BD5-5600AD4336F8}.Debug|Any CPU.ActiveCfg = Debug|Any CPU
		{116E7404-EC44-46C7-8BD5-5600AD4336F8}.Debug|Any CPU.Build.0 = Debug|Any CPU
		{116E7404-EC44-46C7-8BD5-5600AD4336F8}.Release|Any CPU.ActiveCfg = Release|Any CPU
		{116E7404-EC44-46C7-8BD5-5600AD4336F8}.Release|Any CPU.Build.0 = Release|Any CPU
	EndGlobalSection
	GlobalSection(SolutionProperties) = preSolution
		HideSolutionNode = FALSE
	EndGlobalSection
	GlobalSection(ExtensibilityGlobals) = postSolution
		SolutionGuid = {BF764825-C95A-4F0A-A486-40625AFE0392}
	EndGlobalSection
EndGlobal
